
Microsoft Visual Studio Solution File, Format Version 12.00
# Visual Studio Version 17
VisualStudioVersion = 17.4.33403.182
MinimumVisualStudioVersion = 10.0.40219.1
Project("{9A19103F-16F7-4668-BE54-9A1E7A4F7556}") = "Products.Management.ApiService", "Server\Products.Management.ApiService.csproj", "{30FFC595-8EF9-4695-9A38-224744B14AFC}"
EndProject
Project("{9A19103F-16F7-4668-BE54-9A1E7A4F7556}") = "Products.Management.Client", "Client\Products.Management.Client.csproj", "{7C50D754-86BA-47E8-B272-8FA8E32CC4F0}"
EndProject
Project("{9A19103F-16F7-4668-BE54-9A1E7A4F7556}") = "Products.Management.Shared", "Shared\Products.Management.Shared.csproj", "{606EBF26-974C-4217-B2FA-2C1DFD08F78A}"
EndProject
Project("{9A19103F-16F7-4668-BE54-9A1E7A4F7556}") = "ProductsManagement.Data", "Data\ProductsManagement.Data.csproj", "{6587A44A-E808-4C0E-95A8-DB203095BB0B}"
EndProject
Project("{2150E333-8FDC-42A3-9474-1A3956D46DE8}") = "UnitTests", "UnitTests", "{B97B01AB-43F2-4B2A-91B2-1643B4E08FAD}"
EndProject
Project("{9A19103F-16F7-4668-BE54-9A1E7A4F7556}") = "Products.Management.ApiServicesTests", "UnitTest\Products.Management.ApiServicesTests.csproj", "{FAD2CEAB-CA76-48C2-B7D3-B5852BCAC31C}"
EndProject
Global
	GlobalSection(SolutionConfigurationPlatforms) = preSolution
		Debug|Any CPU = Debug|Any CPU
		Release|Any CPU = Release|Any CPU
	EndGlobalSection
	GlobalSection(ProjectConfigurationPlatforms) = postSolution
		{30FFC595-8EF9-4695-9A38-224744B14AFC}.Debug|Any CPU.ActiveCfg = Debug|Any CPU
		{30FFC595-8EF9-4695-9A38-224744B14AFC}.Debug|Any CPU.Build.0 = Debug|Any CPU
		{30FFC595-8EF9-4695-9A38-224744B14AFC}.Release|Any CPU.ActiveCfg = Release|Any CPU
		{30FFC595-8EF9-4695-9A38-224744B14AFC}.Release|Any CPU.Build.0 = Release|Any CPU
		{7C50D754-86BA-47E8-B272-8FA8E32CC4F0}.Debug|Any CPU.ActiveCfg = Debug|Any CPU
		{7C50D754-86BA-47E8-B272-8FA8E32CC4F0}.Debug|Any CPU.Build.0 = Debug|Any CPU
		{7C50D754-86BA-47E8-B272-8FA8E32CC4F0}.Release|Any CPU.ActiveCfg = Release|Any CPU
		{7C50D754-86BA-47E8-B272-8FA8E32CC4F0}.Release|Any CPU.Build.0 = Release|Any CPU
		{606EBF26-974C-4217-B2FA-2C1DFD08F78A}.Debug|Any CPU.ActiveCfg = Debug|Any CPU
		{606EBF26-974C-4217-B2FA-2C1DFD08F78A}.Debug|Any CPU.Build.0 = Debug|Any CPU
		{606EBF26-974C-4217-B2FA-2C1DFD08F78A}.Release|Any CPU.ActiveCfg = Release|Any CPU
		{606EBF26-974C-4217-B2FA-2C1DFD08F78A}.Release|Any CPU.Build.0 = Release|Any CPU
		{6587A44A-E808-4C0E-95A8-DB203095BB0B}.Debug|Any CPU.ActiveCfg = Debug|Any CPU
		{6587A44A-E808-4C0E-95A8-DB203095BB0B}.Debug|Any CPU.Build.0 = Debug|Any CPU
		{6587A44A-E808-4C0E-95A8-DB203095BB0B}.Release|Any CPU.ActiveCfg = Release|Any CPU
		{6587A44A-E808-4C0E-95A8-DB203095BB0B}.Release|Any CPU.Build.0 = Release|Any CPU
		{FAD2CEAB-CA76-48C2-B7D3-B5852BCAC31C}.Debug|Any CPU.ActiveCfg = Debug|Any CPU
		{FAD2CEAB-CA76-48C2-B7D3-B5852BCAC31C}.Debug|Any CPU.Build.0 = Debug|Any CPU
		{FAD2CEAB-CA76-48C2-B7D3-B5852BCAC31C}.Release|Any CPU.ActiveCfg = Release|Any CPU
		{FAD2CEAB-CA76-48C2-B7D3-B5852BCAC31C}.Release|Any CPU.Build.0 = Release|Any CPU
	EndGlobalSection
	GlobalSection(SolutionProperties) = preSolution
		HideSolutionNode = FALSE
	EndGlobalSection
	GlobalSection(NestedProjects) = preSolution
		{FAD2CEAB-CA76-48C2-B7D3-B5852BCAC31C} = {B97B01AB-43F2-4B2A-91B2-1643B4E08FAD}
	EndGlobalSection
	GlobalSection(ExtensibilityGlobals) = postSolution
		SolutionGuid = {0BD0A4FB-8966-4B7A-BE6B-14EC45D16388}
	EndGlobalSection
EndGlobal
